
Microsoft Visual Studio Solution File, Format Version 12.00
# Visual Studio 15
VisualStudioVersion = 15.0.27703.2026
MinimumVisualStudioVersion = 10.0.40219.1
Project("{FAE04EC0-301F-11D3-BF4B-00C04F79EFBC}") = "JSON", "JSON\JSON.csproj", "{037AB2D1-59CF-47A1-886A-2880E960A587}"
EndProject
Global
	GlobalSection(SolutionConfigurationPlatforms) = preSolution
		Debug|Any CPU = Debug|Any CPU
		Release|Any CPU = Release|Any CPU
	EndGlobalSection
	GlobalSection(ProjectConfigurationPlatforms) = postSolution
		{037AB2D1-59CF-47A1-886A-2880E960A587}.Debug|Any CPU.ActiveCfg = Debug|Any CPU
		{037AB2D1-59CF-47A1-886A-2880E960A587}.Debug|Any CPU.Build.0 = Debug|Any CPU
		{037AB2D1-59CF-47A1-886A-2880E960A587}.Release|Any CPU.ActiveCfg = Release|Any CPU
		{037AB2D1-59CF-47A1-886A-2880E960A587}.Release|Any CPU.Build.0 = Release|Any CPU
	EndGlobalSection
	GlobalSection(SolutionProperties) = preSolution
		HideSolutionNode = FALSE
	EndGlobalSection
	GlobalSection(ExtensibilityGlobals) = postSolution
		SolutionGuid = {2D2E9A6B-7918-42B3-9A58-EB6ADD0BCDFC}
	EndGlobalSection
EndGlobal
